
Microsoft Visual Studio Solution File, Format Version 12.00
# Visual Studio Version 17
VisualStudioVersion = 17.13.35931.197 d17.13
MinimumVisualStudioVersion = 10.0.40219.1
Project("{FAE04EC0-301F-11D3-BF4B-00C04F79EFBC}") = "Review2.4", "Review2.4\Review2.4.csproj", "{DB5F5729-179F-4B1C-A102-3E15F408991B}"
EndProject
Global
	GlobalSection(SolutionConfigurationPlatforms) = preSolution
		Debug|Any CPU = Debug|Any CPU
		Release|Any CPU = Release|Any CPU
	EndGlobalSection
	GlobalSection(ProjectConfigurationPlatforms) = postSolution
		{DB5F5729-179F-4B1C-A102-3E15F408991B}.Debug|Any CPU.ActiveCfg = Debug|Any CPU
		{DB5F5729-179F-4B1C-A102-3E15F408991B}.Debug|Any CPU.Build.0 = Debug|Any CPU
		{DB5F5729-179F-4B1C-A102-3E15F408991B}.Release|Any CPU.ActiveCfg = Release|Any CPU
		{DB5F5729-179F-4B1C-A102-3E15F408991B}.Release|Any CPU.Build.0 = Release|Any CPU
	EndGlobalSection
	GlobalSection(SolutionProperties) = preSolution
		HideSolutionNode = FALSE
	EndGlobalSection
	GlobalSection(ExtensibilityGlobals) = postSolution
		SolutionGuid = {54AE708A-7912-4985-AD76-EBB8F5B1AD92}
	EndGlobalSection
EndGlobal
